
Microsoft Visual Studio Solution File, Format Version 12.00
# Visual Studio Version 17
VisualStudioVersion = 17.1.32421.90
MinimumVisualStudioVersion = 10.0.40219.1
Project("{FAE04EC0-301F-11D3-BF4B-00C04F79EFBC}") = "Proyecto1erParcialAutos", "Proyecto1erParcialAutos\Proyecto1erParcialAutos.csproj", "{FBD8E56F-C4D4-41FE-B593-F6648BEE0922}"
EndProject
Global
	GlobalSection(SolutionConfigurationPlatforms) = preSolution
		Debug|Any CPU = Debug|Any CPU
		Release|Any CPU = Release|Any CPU
	EndGlobalSection
	GlobalSection(ProjectConfigurationPlatforms) = postSolution
		{FBD8E56F-C4D4-41FE-B593-F6648BEE0922}.Debug|Any CPU.ActiveCfg = Debug|Any CPU
		{FBD8E56F-C4D4-41FE-B593-F6648BEE0922}.Debug|Any CPU.Build.0 = Debug|Any CPU
		{FBD8E56F-C4D4-41FE-B593-F6648BEE0922}.Release|Any CPU.ActiveCfg = Release|Any CPU
		{FBD8E56F-C4D4-41FE-B593-F6648BEE0922}.Release|Any CPU.Build.0 = Release|Any CPU
	EndGlobalSection
	GlobalSection(SolutionProperties) = preSolution
		HideSolutionNode = FALSE
	EndGlobalSection
	GlobalSection(ExtensibilityGlobals) = postSolution
		SolutionGuid = {A418C9FA-D9E7-4E1F-B9AD-A67D6438C3F8}
	EndGlobalSection
EndGlobal
